
Microsoft Visual Studio Solution File, Format Version 12.00
# Visual Studio Version 17
VisualStudioVersion = 17.14.36616.10 d17.14
MinimumVisualStudioVersion = 10.0.40219.1
Project("{FAE04EC0-301F-11D3-BF4B-00C04F79EFBC}") = "Net Assignment", "Net Assignment\Net Assignment.csproj", "{7DAF78FE-4E9C-43A9-B18C-56666BC9088A}"
EndProject
Project("{FAE04EC0-301F-11D3-BF4B-00C04F79EFBC}") = "Application", "Application\Application.csproj", "{124819B6-0523-441C-8E33-133D317BFAF0}"
EndProject
Project("{FAE04EC0-301F-11D3-BF4B-00C04F79EFBC}") = "Domain", "Domain\Domain.csproj", "{78E32D09-AAC3-4151-AC39-D1D40C532A78}"
EndProject
Project("{FAE04EC0-301F-11D3-BF4B-00C04F79EFBC}") = "Infrastructure", "Infrastructure\Infrastructure.csproj", "{60A8A6AD-A436-4DCD-BCEA-CFBD904BCE9E}"
EndProject
Global
	GlobalSection(SolutionConfigurationPlatforms) = preSolution
		Debug|Any CPU = Debug|Any CPU
		Release|Any CPU = Release|Any CPU
	EndGlobalSection
	GlobalSection(ProjectConfigurationPlatforms) = postSolution
		{7DAF78FE-4E9C-43A9-B18C-56666BC9088A}.Debug|Any CPU.ActiveCfg = Debug|Any CPU
		{7DAF78FE-4E9C-43A9-B18C-56666BC9088A}.Debug|Any CPU.Build.0 = Debug|Any CPU
		{7DAF78FE-4E9C-43A9-B18C-56666BC9088A}.Release|Any CPU.ActiveCfg = Release|Any CPU
		{7DAF78FE-4E9C-43A9-B18C-56666BC9088A}.Release|Any CPU.Build.0 = Release|Any CPU
		{124819B6-0523-441C-8E33-133D317BFAF0}.Debug|Any CPU.ActiveCfg = Debug|Any CPU
		{124819B6-0523-441C-8E33-133D317BFAF0}.Debug|Any CPU.Build.0 = Debug|Any CPU
		{124819B6-0523-441C-8E33-133D317BFAF0}.Release|Any CPU.ActiveCfg = Release|Any CPU
		{124819B6-0523-441C-8E33-133D317BFAF0}.Release|Any CPU.Build.0 = Release|Any CPU
		{78E32D09-AAC3-4151-AC39-D1D40C532A78}.Debug|Any CPU.ActiveCfg = Debug|Any CPU
		{78E32D09-AAC3-4151-AC39-D1D40C532A78}.Debug|Any CPU.Build.0 = Debug|Any CPU
		{78E32D09-AAC3-4151-AC39-D1D40C532A78}.Release|Any CPU.ActiveCfg = Release|Any CPU
		{78E32D09-AAC3-4151-AC39-D1D40C532A78}.Release|Any CPU.Build.0 = Release|Any CPU
		{60A8A6AD-A436-4DCD-BCEA-CFBD904BCE9E}.Debug|Any CPU.ActiveCfg = Debug|Any CPU
		{60A8A6AD-A436-4DCD-BCEA-CFBD904BCE9E}.Debug|Any CPU.Build.0 = Debug|Any CPU
		{60A8A6AD-A436-4DCD-BCEA-CFBD904BCE9E}.Release|Any CPU.ActiveCfg = Release|Any CPU
		{60A8A6AD-A436-4DCD-BCEA-CFBD904BCE9E}.Release|Any CPU.Build.0 = Release|Any CPU
	EndGlobalSection
	GlobalSection(SolutionProperties) = preSolution
		HideSolutionNode = FALSE
	EndGlobalSection
	GlobalSection(ExtensibilityGlobals) = postSolution
		SolutionGuid = {B6F48F6E-9A00-445C-A198-766A7A7C2C36}
	EndGlobalSection
EndGlobal
